
Microsoft Visual Studio Solution File, Format Version 12.00
# Visual Studio Version 16
VisualStudioVersion = 16.0.30011.22
MinimumVisualStudioVersion = 10.0.40219.1
Project("{FAE04EC0-301F-11D3-BF4B-00C04F79EFBC}") = "Z13-SAAF", "Z13-SAAF\Z13-SAAF.csproj", "{CC57EC02-1D3B-43AA-B386-F0D1C6AE0831}"
EndProject
Global
	GlobalSection(SolutionConfigurationPlatforms) = preSolution
		Debug|Any CPU = Debug|Any CPU
		Release|Any CPU = Release|Any CPU
	EndGlobalSection
	GlobalSection(ProjectConfigurationPlatforms) = postSolution
		{CC57EC02-1D3B-43AA-B386-F0D1C6AE0831}.Debug|Any CPU.ActiveCfg = Debug|Any CPU
		{CC57EC02-1D3B-43AA-B386-F0D1C6AE0831}.Debug|Any CPU.Build.0 = Debug|Any CPU
		{CC57EC02-1D3B-43AA-B386-F0D1C6AE0831}.Release|Any CPU.ActiveCfg = Release|Any CPU
		{CC57EC02-1D3B-43AA-B386-F0D1C6AE0831}.Release|Any CPU.Build.0 = Release|Any CPU
	EndGlobalSection
	GlobalSection(SolutionProperties) = preSolution
		HideSolutionNode = FALSE
	EndGlobalSection
	GlobalSection(ExtensibilityGlobals) = postSolution
		SolutionGuid = {50614F33-580D-433A-AF0C-D93C4AA277D8}
	EndGlobalSection
EndGlobal
